<?xml version="1.0" encoding="utf-8"?>
<Project ToolsVersion="4.0" xmlns="http://schemas.microsoft.com/developer/msbuild/2003">
  <ItemGroup>
    <Filter Include="Source files">
      <UniqueIdentifier>{3da90a38-beb0-433a-992c-c3b1d7e690ae}</UniqueIdentifier>
      <Extensions>cpp;c;cc;cxx;def;odl;idl;hpj;bat;asm;asmx</Extensions>
    </Filter>
    <Filter Include="Source files\Startup">
      <UniqueIdentifier>{b9d33e31-bc05-411d-be7b-28f608541dc3}</UniqueIdentifier>
    </Filter>
    <Filter Include="Source files\Device-specific files">
      <UniqueIdentifier>{d927cbc0-975a-419f-a935-96b104a5769f}</UniqueIdentifier>
    </Filter>
    <Filter Include="VisualGDB settings">
      <UniqueIdentifier>{924ec7cc-af78-4d69-b03f-2d08a85ba970}</UniqueIdentifier>
    </Filter>
    <Filter Include="Utilites">
      <UniqueIdentifier>{011c2c41-f3ec-4490-b16e-ce16a44ac8fe}</UniqueIdentifier>
    </Filter>
    <Filter Include="Utilites\cmd_trmnl">
      <UniqueIdentifier>{c1ebb3e0-1086-420c-906d-24d5d89f5359}</UniqueIdentifier>
    </Filter>
    <Filter Include="System">
      <UniqueIdentifier>{0f45afb5-7e52-4964-8131-40ecbbb1940f}</UniqueIdentifier>
    </Filter>
    <Filter Include="Libraries">
      <UniqueIdentifier>{a20f96a0-dfe3-42dd-ad83-3ca2560f05ef}</UniqueIdentifier>
    </Filter>
    <Filter Include="Libraries\CMSIS">
      <UniqueIdentifier>{9fbef0d6-0183-40e1-a835-42ec0bc2ea2e}</UniqueIdentifier>
    </Filter>
    <Filter Include="Libraries\FreeRTOS">
      <UniqueIdentifier>{5de26a57-602a-4a32-b76d-74cb9987c77a}</UniqueIdentifier>
    </Filter>
    <Filter Include="Libraries\STM32F4xx_HAL_Driver">
      <UniqueIdentifier>{89e8e90c-8318-464f-bdb2-5282e8467a7c}</UniqueIdentifier>
    </Filter>
    <Filter Include="Libraries\CMSIS\Core">
      <UniqueIdentifier>{132f3b61-517d-4ed7-994a-102dc9c7bdc0}</UniqueIdentifier>
    </Filter>
    <Filter Include="Libraries\CMSIS\Core\Include">
      <UniqueIdentifier>{1ea51712-c814-4c7f-826a-1818489730ba}</UniqueIdentifier>
    </Filter>
    <Filter Include="Libraries\CMSIS\Device">
      <UniqueIdentifier>{b1b22800-1d3e-4ab3-b4c9-c1c4bfc2f80f}</UniqueIdentifier>
    </Filter>
    <Filter Include="Libraries\CMSIS\Device\ST">
      <UniqueIdentifier>{c07dfd83-66d3-4563-a433-d23785bf62a3}</UniqueIdentifier>
    </Filter>
    <Filter Include="Libraries\CMSIS\Device\ST\STM32H7xx">
      <UniqueIdentifier>{15c2d258-adad-4beb-ac3a-804f902efd1b}</UniqueIdentifier>
    </Filter>
    <Filter Include="Libraries\CMSIS\Device\ST\STM32H7xx\Include">
      <UniqueIdentifier>{95f07051-75bb-45f7-be33-c944155a92f2}</UniqueIdentifier>
    </Filter>
    <Filter Include="Libraries\CMSIS\Device\ST\STM32H7xx\Source">
      <UniqueIdentifier>{575104c9-5873-40d6-8f1c-aabdf99f2edf}</UniqueIdentifier>
    </Filter>
    <Filter Include="Libraries\CMSIS\Device\ST\STM32H7xx\Source\Templates">
      <UniqueIdentifier>{e4743cb8-55de-4f6d-8e21-8cc32e88a7af}</UniqueIdentifier>
    </Filter>
    <Filter Include="Libraries\CMSIS\Device\ST\STM32H7xx\Source\Templates\gcc">
      <UniqueIdentifier>{d9740acc-45c6-468f-b6c0-aa22bcb01113}</UniqueIdentifier>
    </Filter>
    <Filter Include="Libraries\CMSIS\Include">
      <UniqueIdentifier>{096aa1d7-91fa-4cd6-aba8-70641060ce17}</UniqueIdentifier>
    </Filter>
    <Filter Include="Libraries\FreeRTOS\Source">
      <UniqueIdentifier>{6a394e73-293c-4afa-ab18-18bffdf85613}</UniqueIdentifier>
    </Filter>
    <Filter Include="Libraries\FreeRTOS\Source\include">
      <UniqueIdentifier>{f3769b51-e137-4149-9237-01003d8a33cf}</UniqueIdentifier>
    </Filter>
    <Filter Include="Libraries\FreeRTOS\Source\portable">
      <UniqueIdentifier>{713e3dc5-bb59-4fc6-809e-b80f797a1155}</UniqueIdentifier>
    </Filter>
    <Filter Include="Libraries\FreeRTOS\Source\portable\GCC">
      <UniqueIdentifier>{c64eb43e-06ec-4db9-a235-7ee27b9ff14a}</UniqueIdentifier>
    </Filter>
    <Filter Include="Libraries\FreeRTOS\Source\portable\GCC\ARM_CM4F">
      <UniqueIdentifier>{301784cf-0456-4e63-90d5-b2dd8792e253}</UniqueIdentifier>
    </Filter>
    <Filter Include="Libraries\FreeRTOS\Source\portable\MemMang">
      <UniqueIdentifier>{195f771b-9ad1-48c9-ba37-89849f2675c5}</UniqueIdentifier>
    </Filter>
    <Filter Include="Config">
      <UniqueIdentifier>{c10cd307-c13c-45d0-ae64-d17265f70a71}</UniqueIdentifier>
    </Filter>
    <Filter Include="Libraries\STM32F4xx_HAL_Driver\Inc">
      <UniqueIdentifier>{5ed4bdb9-85f5-40d7-828a-cd8e7e00f57a}</UniqueIdentifier>
    </Filter>
    <Filter Include="Libraries\STM32F4xx_HAL_Driver\Src">
      <UniqueIdentifier>{4dd2cbcd-57b7-4045-8548-237c08c03686}</UniqueIdentifier>
    </Filter>
    <Filter Include="Utilites\uart_dbg">
      <UniqueIdentifier>{8e466718-7baf-43b6-ba14-9edaca6b162e}</UniqueIdentifier>
    </Filter>
  </ItemGroup>
  <ItemGroup>
    <None Include="stm32.props">
      <Filter>Source files\Device-specific files</Filter>
    </None>
    <ClCompile Include="$(BSP_ROOT)\STM32H7xxxx\StartupFiles\startup_stm32h743xx.c">
      <Filter>Source files\Device-specific files</Filter>
    </ClCompile>
    <None Include="h743zi-Debug.vgdbsettings">
      <Filter>VisualGDB settings</Filter>
    </None>
    <None Include="h743zi-Release.vgdbsettings">
      <Filter>VisualGDB settings</Filter>
    </None>
    <None Include="stm32.xml">
      <Filter>VisualGDB settings</Filter>
    </None>
    <ClCompile Include="..\..\Utilities\cmd_trmnl\cmd_freertos_cntrl.c">
      <Filter>Utilites\cmd_trmnl</Filter>
    </ClCompile>
    <ClCompile Include="..\..\Utilities\cmd_trmnl\cmd_hdl.c">
      <Filter>Utilites\cmd_trmnl</Filter>
    </ClCompile>
    <ClCompile Include="..\..\Utilities\cmd_trmnl\cmd_hlp.c">
      <Filter>Utilites\cmd_trmnl</Filter>
    </ClCompile>
    <ClCompile Include="..\..\Utilities\cmd_trmnl\cmd_process.c">
      <Filter>Utilites\cmd_trmnl</Filter>
    </ClCompile>
    <ClCompile Include="..\..\Core\main.c">
      <Filter>System</Filter>
    </ClCompile>
    <ClCompile Include="..\..\Core\stm32h7xx_it.c">
      <Filter>System</Filter>
    </ClCompile>
    <ClCompile Include="..\..\Core\system_stm32h7xx.c">
      <Filter>System</Filter>
    </ClCompile>
  </ItemGroup>
  <ItemGroup>
    <ClInclude Include="..\..\Utilities\cmd_trmnl\cmd_freertos_cntrl.h">
      <Filter>Utilites\cmd_trmnl</Filter>
    </ClInclude>
    <ClInclude Include="..\..\Utilities\cmd_trmnl\cmd_hdl.h">
      <Filter>Utilites\cmd_trmnl</Filter>
    </ClInclude>
    <ClInclude Include="..\..\Utilities\cmd_trmnl\cmd_hlp.h">
      <Filter>Utilites\cmd_trmnl</Filter>
    </ClInclude>
    <ClInclude Include="..\..\Utilities\cmd_trmnl\cmd_process.h">
      <Filter>Utilites\cmd_trmnl</Filter>
    </ClInclude>
    <ClInclude Include="..\..\Core\main.h">
      <Filter>System</Filter>
    </ClInclude>
    <ClInclude Include="..\..\Core\stm32h7xx_it.h">
      <Filter>System</Filter>
    </ClInclude>
    <ClInclude Include="..\..\Libraries\CMSIS\Core\Include\cmsis_compiler.h">
      <Filter>Libraries\CMSIS\Core\Include</Filter>
    </ClInclude>
    <ClInclude Include="..\..\Libraries\CMSIS\Core\Include\cmsis_gcc.h">
      <Filter>Libraries\CMSIS\Core\Include</Filter>
    </ClInclude>
    <ClInclude Include="..\..\Libraries\CMSIS\Core\Include\cmsis_version.h">
      <Filter>Libraries\CMSIS\Core\Include</Filter>
    </ClInclude>
    <ClInclude Include="..\..\Libraries\CMSIS\Core\Include\core_cm7.h">
      <Filter>Libraries\CMSIS\Core\Include</Filter>
    </ClInclude>
    <ClInclude Include="..\..\Libraries\CMSIS\Device\ST\STM32H7xx\Include\stm32h7xx.h">
      <Filter>Libraries\CMSIS\Device\ST\STM32H7xx\Include</Filter>
    </ClInclude>
    <ClInclude Include="..\..\Libraries\CMSIS\Device\ST\STM32H7xx\Include\stm32h743xx.h">
      <Filter>Libraries\CMSIS\Device\ST\STM32H7xx\Include</Filter>
    </ClInclude>
    <ClInclude Include="..\..\Libraries\CMSIS\Device\ST\STM32H7xx\Include\system_stm32h7xx.h">
      <Filter>Libraries\CMSIS\Device\ST\STM32H7xx\Include</Filter>
    </ClInclude>
    <ClInclude Include="..\..\Libraries\CMSIS\Include\cmsis_compiler.h">
      <Filter>Libraries\CMSIS\Include</Filter>
    </ClInclude>
    <ClInclude Include="..\..\Libraries\CMSIS\Include\cmsis_gcc.h">
      <Filter>Libraries\CMSIS\Include</Filter>
    </ClInclude>
    <ClInclude Include="..\..\Libraries\CMSIS\Include\cmsis_version.h">
      <Filter>Libraries\CMSIS\Include</Filter>
    </ClInclude>
    <ClInclude Include="..\..\Libraries\CMSIS\Include\core_cm7.h">
      <Filter>Libraries\CMSIS\Include</Filter>
    </ClInclude>
    <ClInclude Include="..\..\Libraries\FreeRTOS\Source\include\croutine.h">
      <Filter>Libraries\FreeRTOS\Source\include</Filter>
    </ClInclude>
    <ClInclude Include="..\..\Libraries\FreeRTOS\Source\include\deprecated_definitions.h">
      <Filter>Libraries\FreeRTOS\Source\include</Filter>
    </ClInclude>
    <ClInclude Include="..\..\Libraries\FreeRTOS\Source\include\event_groups.h">
      <Filter>Libraries\FreeRTOS\Source\include</Filter>
    </ClInclude>
    <ClInclude Include="..\..\Libraries\FreeRTOS\Source\include\FreeRTOS.h">
      <Filter>Libraries\FreeRTOS\Source\include</Filter>
    </ClInclude>
    <ClInclude Include="..\..\Libraries\FreeRTOS\Source\include\FreeRTOSConfig_template.h">
      <Filter>Libraries\FreeRTOS\Source\include</Filter>
    </ClInclude>
    <ClInclude Include="..\..\Libraries\FreeRTOS\Source\include\list.h">
      <Filter>Libraries\FreeRTOS\Source\include</Filter>
    </ClInclude>
    <ClInclude Include="..\..\Libraries\FreeRTOS\Source\include\message_buffer.h">
      <Filter>Libraries\FreeRTOS\Source\include</Filter>
    </ClInclude>
    <ClInclude Include="..\..\Libraries\FreeRTOS\Source\include\mpu_prototypes.h">
      <Filter>Libraries\FreeRTOS\Source\include</Filter>
    </ClInclude>
    <ClInclude Include="..\..\Libraries\FreeRTOS\Source\include\mpu_wrappers.h">
      <Filter>Libraries\FreeRTOS\Source\include</Filter>
    </ClInclude>
    <ClInclude Include="..\..\Libraries\FreeRTOS\Source\include\portable.h">
      <Filter>Libraries\FreeRTOS\Source\include</Filter>
    </ClInclude>
    <ClInclude Include="..\..\Libraries\FreeRTOS\Source\include\projdefs.h">
      <Filter>Libraries\FreeRTOS\Source\include</Filter>
    </ClInclude>
    <ClInclude Include="..\..\Libraries\FreeRTOS\Source\include\queue.h">
      <Filter>Libraries\FreeRTOS\Source\include</Filter>
    </ClInclude>
    <ClInclude Include="..\..\Libraries\FreeRTOS\Source\include\semphr.h">
      <Filter>Libraries\FreeRTOS\Source\include</Filter>
    </ClInclude>
    <ClInclude Include="..\..\Libraries\FreeRTOS\Source\include\stack_macros.h">
      <Filter>Libraries\FreeRTOS\Source\include</Filter>
    </ClInclude>
    <ClInclude Include="..\..\Libraries\FreeRTOS\Source\include\StackMacros.h">
      <Filter>Libraries\FreeRTOS\Source\include</Filter>
    </ClInclude>
    <ClInclude Include="..\..\Libraries\FreeRTOS\Source\include\stream_buffer.h">
      <Filter>Libraries\FreeRTOS\Source\include</Filter>
    </ClInclude>
    <ClInclude Include="..\..\Libraries\FreeRTOS\Source\include\task.h">
      <Filter>Libraries\FreeRTOS\Source\include</Filter>
    </ClInclude>
    <ClInclude Include="..\..\Libraries\FreeRTOS\Source\include\timers.h">
      <Filter>Libraries\FreeRTOS\Source\include</Filter>
    </ClInclude>
    <ClInclude Include="..\..\Config\FreeRTOSConfig.h">
      <Filter>Config</Filter>
    </ClInclude>
    <ClInclude Include="..\..\Config\stm32h7xx_hal_conf.h">
      <Filter>Config</Filter>
    </ClInclude>
    <ClInclude Include="..\..\Libraries\STM32H7xx_HAL_Driver\Inc\stm32_assert_template.h">
      <Filter>Libraries\STM32F4xx_HAL_Driver\Inc</Filter>
    </ClInclude>
    <ClInclude Include="..\..\Libraries\STM32H7xx_HAL_Driver\Inc\stm32h7xx_hal.h">
      <Filter>Libraries\STM32F4xx_HAL_Driver\Inc</Filter>
    </ClInclude>
    <ClInclude Include="..\..\Libraries\STM32H7xx_HAL_Driver\Inc\stm32h7xx_hal_adc.h">
      <Filter>Libraries\STM32F4xx_HAL_Driver\Inc</Filter>
    </ClInclude>
    <ClInclude Include="..\..\Libraries\STM32H7xx_HAL_Driver\Inc\stm32h7xx_hal_adc_ex.h">
      <Filter>Libraries\STM32F4xx_HAL_Driver\Inc</Filter>
    </ClInclude>
    <ClInclude Include="..\..\Libraries\STM32H7xx_HAL_Driver\Inc\stm32h7xx_hal_cec.h">
      <Filter>Libraries\STM32F4xx_HAL_Driver\Inc</Filter>
    </ClInclude>
    <ClInclude Include="..\..\Libraries\STM32H7xx_HAL_Driver\Inc\stm32h7xx_hal_comp.h">
      <Filter>Libraries\STM32F4xx_HAL_Driver\Inc</Filter>
    </ClInclude>
    <ClInclude Include="..\..\Libraries\STM32H7xx_HAL_Driver\Inc\stm32h7xx_hal_conf_template.h">
      <Filter>Libraries\STM32F4xx_HAL_Driver\Inc</Filter>
    </ClInclude>
    <ClInclude Include="..\..\Libraries\STM32H7xx_HAL_Driver\Inc\stm32h7xx_hal_cortex.h">
      <Filter>Libraries\STM32F4xx_HAL_Driver\Inc</Filter>
    </ClInclude>
    <ClInclude Include="..\..\Libraries\STM32H7xx_HAL_Driver\Inc\stm32h7xx_hal_crc.h">
      <Filter>Libraries\STM32F4xx_HAL_Driver\Inc</Filter>
    </ClInclude>
    <ClInclude Include="..\..\Libraries\STM32H7xx_HAL_Driver\Inc\stm32h7xx_hal_crc_ex.h">
      <Filter>Libraries\STM32F4xx_HAL_Driver\Inc</Filter>
    </ClInclude>
    <ClInclude Include="..\..\Libraries\STM32H7xx_HAL_Driver\Inc\stm32h7xx_hal_cryp.h">
      <Filter>Libraries\STM32F4xx_HAL_Driver\Inc</Filter>
    </ClInclude>
    <ClInclude Include="..\..\Libraries\STM32H7xx_HAL_Driver\Inc\stm32h7xx_hal_cryp_ex.h">
      <Filter>Libraries\STM32F4xx_HAL_Driver\Inc</Filter>
    </ClInclude>
    <ClInclude Include="..\..\Libraries\STM32H7xx_HAL_Driver\Inc\stm32h7xx_hal_dac.h">
      <Filter>Libraries\STM32F4xx_HAL_Driver\Inc</Filter>
    </ClInclude>
    <ClInclude Include="..\..\Libraries\STM32H7xx_HAL_Driver\Inc\stm32h7xx_hal_dac_ex.h">
      <Filter>Libraries\STM32F4xx_HAL_Driver\Inc</Filter>
    </ClInclude>
    <ClInclude Include="..\..\Libraries\STM32H7xx_HAL_Driver\Inc\stm32h7xx_hal_dcmi.h">
      <Filter>Libraries\STM32F4xx_HAL_Driver\Inc</Filter>
    </ClInclude>
    <ClInclude Include="..\..\Libraries\STM32H7xx_HAL_Driver\Inc\stm32h7xx_hal_def.h">
      <Filter>Libraries\STM32F4xx_HAL_Driver\Inc</Filter>
    </ClInclude>
    <ClInclude Include="..\..\Libraries\STM32H7xx_HAL_Driver\Inc\stm32h7xx_hal_dfsdm.h">
      <Filter>Libraries\STM32F4xx_HAL_Driver\Inc</Filter>
    </ClInclude>
    <ClInclude Include="..\..\Libraries\STM32H7xx_HAL_Driver\Inc\stm32h7xx_hal_dfsdm_ex.h">
      <Filter>Libraries\STM32F4xx_HAL_Driver\Inc</Filter>
    </ClInclude>
    <ClInclude Include="..\..\Libraries\STM32H7xx_HAL_Driver\Inc\stm32h7xx_hal_dma.h">
      <Filter>Libraries\STM32F4xx_HAL_Driver\Inc</Filter>
    </ClInclude>
    <ClInclude Include="..\..\Libraries\FreeRTOS\Source\portable\GCC\ARM_CM4F\portmacro.h">
      <Filter>Libraries\FreeRTOS\Source\portable\GCC\ARM_CM4F</Filter>
    </ClInclude>
    <ClInclude Include="..\..\Utilities\uart_dbg\printf_dbg.h">
      <Filter>Utilites\uart_dbg</Filter>
    </ClInclude>
    <ClInclude Include="..\..\Utilities\uart_dbg\uart_dbg.h">
      <Filter>Utilites\uart_dbg</Filter>
    </ClInclude>
  </ItemGroup>
  <ItemGroup>
    <ClCompile Include="..\..\Libraries\FreeRTOS\Source\croutine.c">
      <Filter>Libraries\FreeRTOS\Source</Filter>
    </ClCompile>
    <ClCompile Include="..\..\Libraries\FreeRTOS\Source\event_groups.c">
      <Filter>Libraries\FreeRTOS\Source</Filter>
    </ClCompile>
    <ClCompile Include="..\..\Libraries\FreeRTOS\Source\list.c">
      <Filter>Libraries\FreeRTOS\Source</Filter>
    </ClCompile>
    <ClCompile Include="..\..\Libraries\FreeRTOS\Source\queue.c">
      <Filter>Libraries\FreeRTOS\Source</Filter>
    </ClCompile>
    <ClCompile Include="..\..\Libraries\FreeRTOS\Source\stream_buffer.c">
      <Filter>Libraries\FreeRTOS\Source</Filter>
    </ClCompile>
    <ClCompile Include="..\..\Libraries\FreeRTOS\Source\tasks.c">
      <Filter>Libraries\FreeRTOS\Source</Filter>
    </ClCompile>
    <ClCompile Include="..\..\Libraries\FreeRTOS\Source\timers.c">
      <Filter>Libraries\FreeRTOS\Source</Filter>
    </ClCompile>
    <ClCompile Include="..\..\Libraries\FreeRTOS\Source\portable\MemMang\heap_2.c">
      <Filter>Libraries\FreeRTOS\Source\portable\MemMang</Filter>
    </ClCompile>
    <ClCompile Include="..\..\Libraries\STM32H7xx_HAL_Driver\Src\stm32h7xx_hal.c">
      <Filter>Libraries\STM32F4xx_HAL_Driver\Src</Filter>
    </ClCompile>
    <ClCompile Include="..\..\Libraries\STM32H7xx_HAL_Driver\Src\stm32h7xx_hal_adc.c">
      <Filter>Libraries\STM32F4xx_HAL_Driver\Src</Filter>
    </ClCompile>
    <ClCompile Include="..\..\Libraries\STM32H7xx_HAL_Driver\Src\stm32h7xx_hal_adc_ex.c">
      <Filter>Libraries\STM32F4xx_HAL_Driver\Src</Filter>
    </ClCompile>
    <ClCompile Include="..\..\Libraries\STM32H7xx_HAL_Driver\Src\stm32h7xx_hal_cec.c">
      <Filter>Libraries\STM32F4xx_HAL_Driver\Src</Filter>
    </ClCompile>
    <ClCompile Include="..\..\Libraries\STM32H7xx_HAL_Driver\Src\stm32h7xx_hal_comp.c">
      <Filter>Libraries\STM32F4xx_HAL_Driver\Src</Filter>
    </ClCompile>
    <ClCompile Include="..\..\Libraries\STM32H7xx_HAL_Driver\Src\stm32h7xx_hal_cortex.c">
      <Filter>Libraries\STM32F4xx_HAL_Driver\Src</Filter>
    </ClCompile>
    <ClCompile Include="..\..\Libraries\STM32H7xx_HAL_Driver\Src\stm32h7xx_hal_crc.c">
      <Filter>Libraries\STM32F4xx_HAL_Driver\Src</Filter>
    </ClCompile>
    <ClCompile Include="..\..\Libraries\STM32H7xx_HAL_Driver\Src\stm32h7xx_hal_crc_ex.c">
      <Filter>Libraries\STM32F4xx_HAL_Driver\Src</Filter>
    </ClCompile>
    <ClCompile Include="..\..\Libraries\STM32H7xx_HAL_Driver\Src\stm32h7xx_hal_cryp.c">
      <Filter>Libraries\STM32F4xx_HAL_Driver\Src</Filter>
    </ClCompile>
    <ClCompile Include="..\..\Libraries\STM32H7xx_HAL_Driver\Src\stm32h7xx_hal_cryp_ex.c">
      <Filter>Libraries\STM32F4xx_HAL_Driver\Src</Filter>
    </ClCompile>
    <ClCompile Include="..\..\Libraries\STM32H7xx_HAL_Driver\Src\stm32h7xx_hal_dac.c">
      <Filter>Libraries\STM32F4xx_HAL_Driver\Src</Filter>
    </ClCompile>
    <ClCompile Include="..\..\Libraries\STM32H7xx_HAL_Driver\Src\stm32h7xx_hal_dac_ex.c">
      <Filter>Libraries\STM32F4xx_HAL_Driver\Src</Filter>
    </ClCompile>
    <ClCompile Include="..\..\Libraries\STM32H7xx_HAL_Driver\Src\stm32h7xx_hal_dcmi.c">
      <Filter>Libraries\STM32F4xx_HAL_Driver\Src</Filter>
    </ClCompile>
    <ClCompile Include="..\..\Libraries\STM32H7xx_HAL_Driver\Src\stm32h7xx_hal_dfsdm.c">
      <Filter>Libraries\STM32F4xx_HAL_Driver\Src</Filter>
    </ClCompile>
    <ClCompile Include="..\..\Libraries\STM32H7xx_HAL_Driver\Src\stm32h7xx_hal_dfsdm_ex.c">
      <Filter>Libraries\STM32F4xx_HAL_Driver\Src</Filter>
    </ClCompile>
    <ClCompile Include="..\..\Libraries\STM32H7xx_HAL_Driver\Src\stm32h7xx_hal_dma.c">
      <Filter>Libraries\STM32F4xx_HAL_Driver\Src</Filter>
    </ClCompile>
    <ClCompile Include="..\..\Libraries\STM32H7xx_HAL_Driver\Src\stm32h7xx_hal_dma_ex.c">
      <Filter>Libraries\STM32F4xx_HAL_Driver\Src</Filter>
    </ClCompile>
    <ClCompile Include="..\..\Libraries\STM32H7xx_HAL_Driver\Src\stm32h7xx_hal_dma2d.c">
      <Filter>Libraries\STM32F4xx_HAL_Driver\Src</Filter>
    </ClCompile>
    <ClCompile Include="..\..\Libraries\STM32H7xx_HAL_Driver\Src\stm32h7xx_hal_dsi.c">
      <Filter>Libraries\STM32F4xx_HAL_Driver\Src</Filter>
    </ClCompile>
    <ClCompile Include="..\..\Libraries\STM32H7xx_HAL_Driver\Src\stm32h7xx_hal_dts.c">
      <Filter>Libraries\STM32F4xx_HAL_Driver\Src</Filter>
    </ClCompile>
    <ClCompile Include="..\..\Libraries\STM32H7xx_HAL_Driver\Src\stm32h7xx_hal_eth.c">
      <Filter>Libraries\STM32F4xx_HAL_Driver\Src</Filter>
    </ClCompile>
    <ClCompile Include="..\..\Libraries\STM32H7xx_HAL_Driver\Src\stm32h7xx_hal_eth_ex.c">
      <Filter>Libraries\STM32F4xx_HAL_Driver\Src</Filter>
    </ClCompile>
    <ClCompile Include="..\..\Libraries\STM32H7xx_HAL_Driver\Src\stm32h7xx_hal_exti.c">
      <Filter>Libraries\STM32F4xx_HAL_Driver\Src</Filter>
    </ClCompile>
    <ClCompile Include="..\..\Libraries\STM32H7xx_HAL_Driver\Src\stm32h7xx_hal_fdcan.c">
      <Filter>Libraries\STM32F4xx_HAL_Driver\Src</Filter>
    </ClCompile>
    <ClCompile Include="..\..\Libraries\STM32H7xx_HAL_Driver\Src\stm32h7xx_hal_flash.c">
      <Filter>Libraries\STM32F4xx_HAL_Driver\Src</Filter>
    </ClCompile>
    <ClCompile Include="..\..\Libraries\STM32H7xx_HAL_Driver\Src\stm32h7xx_hal_flash_ex.c">
      <Filter>Libraries\STM32F4xx_HAL_Driver\Src</Filter>
    </ClCompile>
    <ClCompile Include="..\..\Libraries\STM32H7xx_HAL_Driver\Src\stm32h7xx_hal_gfxmmu.c">
      <Filter>Libraries\STM32F4xx_HAL_Driver\Src</Filter>
    </ClCompile>
    <ClCompile Include="..\..\Libraries\STM32H7xx_HAL_Driver\Src\stm32h7xx_hal_gpio.c">
      <Filter>Libraries\STM32F4xx_HAL_Driver\Src</Filter>
    </ClCompile>
    <ClCompile Include="..\..\Libraries\STM32H7xx_HAL_Driver\Src\stm32h7xx_hal_hash.c">
      <Filter>Libraries\STM32F4xx_HAL_Driver\Src</Filter>
    </ClCompile>
    <ClCompile Include="..\..\Libraries\STM32H7xx_HAL_Driver\Src\stm32h7xx_hal_hash_ex.c">
      <Filter>Libraries\STM32F4xx_HAL_Driver\Src</Filter>
    </ClCompile>
    <ClCompile Include="..\..\Libraries\STM32H7xx_HAL_Driver\Src\stm32h7xx_hal_hcd.c">
      <Filter>Libraries\STM32F4xx_HAL_Driver\Src</Filter>
    </ClCompile>
    <ClCompile Include="..\..\Libraries\STM32H7xx_HAL_Driver\Src\stm32h7xx_hal_hrtim.c">
      <Filter>Libraries\STM32F4xx_HAL_Driver\Src</Filter>
    </ClCompile>
    <ClCompile Include="..\..\Libraries\STM32H7xx_HAL_Driver\Src\stm32h7xx_hal_hsem.c">
      <Filter>Libraries\STM32F4xx_HAL_Driver\Src</Filter>
    </ClCompile>
    <ClCompile Include="..\..\Libraries\STM32H7xx_HAL_Driver\Src\stm32h7xx_hal_i2c.c">
      <Filter>Libraries\STM32F4xx_HAL_Driver\Src</Filter>
    </ClCompile>
    <ClCompile Include="..\..\Libraries\STM32H7xx_HAL_Driver\Src\stm32h7xx_hal_i2c_ex.c">
      <Filter>Libraries\STM32F4xx_HAL_Driver\Src</Filter>
    </ClCompile>
    <ClCompile Include="..\..\Libraries\STM32H7xx_HAL_Driver\Src\stm32h7xx_hal_i2s.c">
      <Filter>Libraries\STM32F4xx_HAL_Driver\Src</Filter>
    </ClCompile>
    <ClCompile Include="..\..\Libraries\STM32H7xx_HAL_Driver\Src\stm32h7xx_hal_i2s_ex.c">
      <Filter>Libraries\STM32F4xx_HAL_Driver\Src</Filter>
    </ClCompile>
    <ClCompile Include="..\..\Libraries\STM32H7xx_HAL_Driver\Src\stm32h7xx_hal_irda.c">
      <Filter>Libraries\STM32F4xx_HAL_Driver\Src</Filter>
    </ClCompile>
    <ClCompile Include="..\..\Libraries\STM32H7xx_HAL_Driver\Src\stm32h7xx_hal_iwdg.c">
      <Filter>Libraries\STM32F4xx_HAL_Driver\Src</Filter>
    </ClCompile>
    <ClCompile Include="..\..\Libraries\STM32H7xx_HAL_Driver\Src\stm32h7xx_hal_jpeg.c">
      <Filter>Libraries\STM32F4xx_HAL_Driver\Src</Filter>
    </ClCompile>
    <ClCompile Include="..\..\Libraries\STM32H7xx_HAL_Driver\Src\stm32h7xx_hal_lptim.c">
      <Filter>Libraries\STM32F4xx_HAL_Driver\Src</Filter>
    </ClCompile>
    <ClCompile Include="..\..\Libraries\STM32H7xx_HAL_Driver\Src\stm32h7xx_hal_ltdc.c">
      <Filter>Libraries\STM32F4xx_HAL_Driver\Src</Filter>
    </ClCompile>
    <ClCompile Include="..\..\Libraries\STM32H7xx_HAL_Driver\Src\stm32h7xx_hal_ltdc_ex.c">
      <Filter>Libraries\STM32F4xx_HAL_Driver\Src</Filter>
    </ClCompile>
    <ClCompile Include="..\..\Libraries\STM32H7xx_HAL_Driver\Src\stm32h7xx_hal_mdios.c">
      <Filter>Libraries\STM32F4xx_HAL_Driver\Src</Filter>
    </ClCompile>
    <ClCompile Include="..\..\Libraries\STM32H7xx_HAL_Driver\Src\stm32h7xx_hal_mdma.c">
      <Filter>Libraries\STM32F4xx_HAL_Driver\Src</Filter>
    </ClCompile>
    <ClCompile Include="..\..\Libraries\STM32H7xx_HAL_Driver\Src\stm32h7xx_hal_mmc.c">
      <Filter>Libraries\STM32F4xx_HAL_Driver\Src</Filter>
    </ClCompile>
    <ClCompile Include="..\..\Libraries\STM32H7xx_HAL_Driver\Src\stm32h7xx_hal_mmc_ex.c">
      <Filter>Libraries\STM32F4xx_HAL_Driver\Src</Filter>
    </ClCompile>
    <ClCompile Include="..\..\Libraries\STM32H7xx_HAL_Driver\Src\stm32h7xx_hal_nand.c">
      <Filter>Libraries\STM32F4xx_HAL_Driver\Src</Filter>
    </ClCompile>
    <ClCompile Include="..\..\Libraries\STM32H7xx_HAL_Driver\Src\stm32h7xx_hal_nor.c">
      <Filter>Libraries\STM32F4xx_HAL_Driver\Src</Filter>
    </ClCompile>
    <ClCompile Include="..\..\Libraries\STM32H7xx_HAL_Driver\Src\stm32h7xx_hal_opamp.c">
      <Filter>Libraries\STM32F4xx_HAL_Driver\Src</Filter>
    </ClCompile>
    <ClCompile Include="..\..\Libraries\STM32H7xx_HAL_Driver\Src\stm32h7xx_hal_opamp_ex.c">
      <Filter>Libraries\STM32F4xx_HAL_Driver\Src</Filter>
    </ClCompile>
    <ClCompile Include="..\..\Libraries\STM32H7xx_HAL_Driver\Src\stm32h7xx_hal_ospi.c">
      <Filter>Libraries\STM32F4xx_HAL_Driver\Src</Filter>
    </ClCompile>
    <ClCompile Include="..\..\Libraries\STM32H7xx_HAL_Driver\Src\stm32h7xx_hal_otfdec.c">
      <Filter>Libraries\STM32F4xx_HAL_Driver\Src</Filter>
    </ClCompile>
    <ClCompile Include="..\..\Libraries\STM32H7xx_HAL_Driver\Src\stm32h7xx_hal_pcd.c">
      <Filter>Libraries\STM32F4xx_HAL_Driver\Src</Filter>
    </ClCompile>
    <ClCompile Include="..\..\Libraries\STM32H7xx_HAL_Driver\Src\stm32h7xx_hal_pcd_ex.c">
      <Filter>Libraries\STM32F4xx_HAL_Driver\Src</Filter>
    </ClCompile>
    <ClCompile Include="..\..\Libraries\STM32H7xx_HAL_Driver\Src\stm32h7xx_hal_pssi.c">
      <Filter>Libraries\STM32F4xx_HAL_Driver\Src</Filter>
    </ClCompile>
    <ClCompile Include="..\..\Libraries\STM32H7xx_HAL_Driver\Src\stm32h7xx_hal_pwr.c">
      <Filter>Libraries\STM32F4xx_HAL_Driver\Src</Filter>
    </ClCompile>
    <ClCompile Include="..\..\Libraries\STM32H7xx_HAL_Driver\Src\stm32h7xx_hal_pwr_ex.c">
      <Filter>Libraries\STM32F4xx_HAL_Driver\Src</Filter>
    </ClCompile>
    <ClCompile Include="..\..\Libraries\STM32H7xx_HAL_Driver\Src\stm32h7xx_hal_qspi.c">
      <Filter>Libraries\STM32F4xx_HAL_Driver\Src</Filter>
    </ClCompile>
    <ClCompile Include="..\..\Libraries\STM32H7xx_HAL_Driver\Src\stm32h7xx_hal_ramecc.c">
      <Filter>Libraries\STM32F4xx_HAL_Driver\Src</Filter>
    </ClCompile>
    <ClCompile Include="..\..\Libraries\STM32H7xx_HAL_Driver\Src\stm32h7xx_hal_rcc.c">
      <Filter>Libraries\STM32F4xx_HAL_Driver\Src</Filter>
    </ClCompile>
    <ClCompile Include="..\..\Libraries\STM32H7xx_HAL_Driver\Src\stm32h7xx_hal_rcc_ex.c">
      <Filter>Libraries\STM32F4xx_HAL_Driver\Src</Filter>
    </ClCompile>
    <ClCompile Include="..\..\Libraries\STM32H7xx_HAL_Driver\Src\stm32h7xx_hal_rng.c">
      <Filter>Libraries\STM32F4xx_HAL_Driver\Src</Filter>
    </ClCompile>
    <ClCompile Include="..\..\Libraries\STM32H7xx_HAL_Driver\Src\stm32h7xx_hal_rng_ex.c">
      <Filter>Libraries\STM32F4xx_HAL_Driver\Src</Filter>
    </ClCompile>
    <ClCompile Include="..\..\Libraries\STM32H7xx_HAL_Driver\Src\stm32h7xx_hal_rtc.c">
      <Filter>Libraries\STM32F4xx_HAL_Driver\Src</Filter>
    </ClCompile>
    <ClCompile Include="..\..\Libraries\STM32H7xx_HAL_Driver\Src\stm32h7xx_hal_rtc_ex.c">
      <Filter>Libraries\STM32F4xx_HAL_Driver\Src</Filter>
    </ClCompile>
    <ClCompile Include="..\..\Libraries\STM32H7xx_HAL_Driver\Src\stm32h7xx_hal_sai.c">
      <Filter>Libraries\STM32F4xx_HAL_Driver\Src</Filter>
    </ClCompile>
    <ClCompile Include="..\..\Libraries\STM32H7xx_HAL_Driver\Src\stm32h7xx_hal_sai_ex.c">
      <Filter>Libraries\STM32F4xx_HAL_Driver\Src</Filter>
    </ClCompile>
    <ClCompile Include="..\..\Libraries\STM32H7xx_HAL_Driver\Src\stm32h7xx_hal_sd.c">
      <Filter>Libraries\STM32F4xx_HAL_Driver\Src</Filter>
    </ClCompile>
    <ClCompile Include="..\..\Libraries\STM32H7xx_HAL_Driver\Src\stm32h7xx_hal_sd_ex.c">
      <Filter>Libraries\STM32F4xx_HAL_Driver\Src</Filter>
    </ClCompile>
    <ClCompile Include="..\..\Libraries\STM32H7xx_HAL_Driver\Src\stm32h7xx_hal_sdram.c">
      <Filter>Libraries\STM32F4xx_HAL_Driver\Src</Filter>
    </ClCompile>
    <ClCompile Include="..\..\Libraries\STM32H7xx_HAL_Driver\Src\stm32h7xx_hal_smartcard.c">
      <Filter>Libraries\STM32F4xx_HAL_Driver\Src</Filter>
    </ClCompile>
    <ClCompile Include="..\..\Libraries\STM32H7xx_HAL_Driver\Src\stm32h7xx_hal_smartcard_ex.c">
      <Filter>Libraries\STM32F4xx_HAL_Driver\Src</Filter>
    </ClCompile>
    <ClCompile Include="..\..\Libraries\STM32H7xx_HAL_Driver\Src\stm32h7xx_hal_smbus.c">
      <Filter>Libraries\STM32F4xx_HAL_Driver\Src</Filter>
    </ClCompile>
    <ClCompile Include="..\..\Libraries\STM32H7xx_HAL_Driver\Src\stm32h7xx_hal_spdifrx.c">
      <Filter>Libraries\STM32F4xx_HAL_Driver\Src</Filter>
    </ClCompile>
    <ClCompile Include="..\..\Libraries\STM32H7xx_HAL_Driver\Src\stm32h7xx_hal_spi.c">
      <Filter>Libraries\STM32F4xx_HAL_Driver\Src</Filter>
    </ClCompile>
    <ClCompile Include="..\..\Libraries\STM32H7xx_HAL_Driver\Src\stm32h7xx_hal_spi_ex.c">
      <Filter>Libraries\STM32F4xx_HAL_Driver\Src</Filter>
    </ClCompile>
    <ClCompile Include="..\..\Libraries\STM32H7xx_HAL_Driver\Src\stm32h7xx_hal_sram.c">
      <Filter>Libraries\STM32F4xx_HAL_Driver\Src</Filter>
    </ClCompile>
    <ClCompile Include="..\..\Libraries\STM32H7xx_HAL_Driver\Src\stm32h7xx_hal_swpmi.c">
      <Filter>Libraries\STM32F4xx_HAL_Driver\Src</Filter>
    </ClCompile>
    <ClCompile Include="..\..\Libraries\STM32H7xx_HAL_Driver\Src\stm32h7xx_hal_tim.c">
      <Filter>Libraries\STM32F4xx_HAL_Driver\Src</Filter>
    </ClCompile>
    <ClCompile Include="..\..\Libraries\STM32H7xx_HAL_Driver\Src\stm32h7xx_hal_tim_ex.c">
      <Filter>Libraries\STM32F4xx_HAL_Driver\Src</Filter>
    </ClCompile>
    <ClCompile Include="..\..\Libraries\STM32H7xx_HAL_Driver\Src\stm32h7xx_hal_uart.c">
      <Filter>Libraries\STM32F4xx_HAL_Driver\Src</Filter>
    </ClCompile>
    <ClCompile Include="..\..\Libraries\STM32H7xx_HAL_Driver\Src\stm32h7xx_hal_uart_ex.c">
      <Filter>Libraries\STM32F4xx_HAL_Driver\Src</Filter>
    </ClCompile>
    <ClCompile Include="..\..\Libraries\STM32H7xx_HAL_Driver\Src\stm32h7xx_hal_usart.c">
      <Filter>Libraries\STM32F4xx_HAL_Driver\Src</Filter>
    </ClCompile>
    <ClCompile Include="..\..\Libraries\STM32H7xx_HAL_Driver\Src\stm32h7xx_hal_usart_ex.c">
      <Filter>Libraries\STM32F4xx_HAL_Driver\Src</Filter>
    </ClCompile>
    <ClCompile Include="..\..\Libraries\STM32H7xx_HAL_Driver\Src\stm32h7xx_hal_wwdg.c">
      <Filter>Libraries\STM32F4xx_HAL_Driver\Src</Filter>
    </ClCompile>
    <ClCompile Include="..\..\Libraries\STM32H7xx_HAL_Driver\Src\stm32h7xx_ll_adc.c">
      <Filter>Libraries\STM32F4xx_HAL_Driver\Src</Filter>
    </ClCompile>
    <ClCompile Include="..\..\Libraries\STM32H7xx_HAL_Driver\Src\stm32h7xx_ll_bdma.c">
      <Filter>Libraries\STM32F4xx_HAL_Driver\Src</Filter>
    </ClCompile>
    <ClCompile Include="..\..\Libraries\STM32H7xx_HAL_Driver\Src\stm32h7xx_ll_comp.c">
      <Filter>Libraries\STM32F4xx_HAL_Driver\Src</Filter>
    </ClCompile>
    <ClCompile Include="..\..\Libraries\STM32H7xx_HAL_Driver\Src\stm32h7xx_ll_crc.c">
      <Filter>Libraries\STM32F4xx_HAL_Driver\Src</Filter>
    </ClCompile>
    <ClCompile Include="..\..\Libraries\STM32H7xx_HAL_Driver\Src\stm32h7xx_ll_crs.c">
      <Filter>Libraries\STM32F4xx_HAL_Driver\Src</Filter>
    </ClCompile>
    <ClCompile Include="..\..\Libraries\STM32H7xx_HAL_Driver\Src\stm32h7xx_ll_dac.c">
      <Filter>Libraries\STM32F4xx_HAL_Driver\Src</Filter>
    </ClCompile>
    <ClCompile Include="..\..\Libraries\STM32H7xx_HAL_Driver\Src\stm32h7xx_ll_delayblock.c">
      <Filter>Libraries\STM32F4xx_HAL_Driver\Src</Filter>
    </ClCompile>
    <ClCompile Include="..\..\Libraries\STM32H7xx_HAL_Driver\Src\stm32h7xx_ll_dma.c">
      <Filter>Libraries\STM32F4xx_HAL_Driver\Src</Filter>
    </ClCompile>
    <ClCompile Include="..\..\Libraries\STM32H7xx_HAL_Driver\Src\stm32h7xx_ll_dma2d.c">
      <Filter>Libraries\STM32F4xx_HAL_Driver\Src</Filter>
    </ClCompile>
    <ClCompile Include="..\..\Libraries\STM32H7xx_HAL_Driver\Src\stm32h7xx_ll_exti.c">
      <Filter>Libraries\STM32F4xx_HAL_Driver\Src</Filter>
    </ClCompile>
    <ClCompile Include="..\..\Libraries\STM32H7xx_HAL_Driver\Src\stm32h7xx_ll_fmc.c">
      <Filter>Libraries\STM32F4xx_HAL_Driver\Src</Filter>
    </ClCompile>
    <ClCompile Include="..\..\Libraries\STM32H7xx_HAL_Driver\Src\stm32h7xx_ll_gpio.c">
      <Filter>Libraries\STM32F4xx_HAL_Driver\Src</Filter>
    </ClCompile>
    <ClCompile Include="..\..\Libraries\STM32H7xx_HAL_Driver\Src\stm32h7xx_ll_hrtim.c">
      <Filter>Libraries\STM32F4xx_HAL_Driver\Src</Filter>
    </ClCompile>
    <ClCompile Include="..\..\Libraries\STM32H7xx_HAL_Driver\Src\stm32h7xx_ll_i2c.c">
      <Filter>Libraries\STM32F4xx_HAL_Driver\Src</Filter>
    </ClCompile>
    <ClCompile Include="..\..\Libraries\STM32H7xx_HAL_Driver\Src\stm32h7xx_ll_lptim.c">
      <Filter>Libraries\STM32F4xx_HAL_Driver\Src</Filter>
    </ClCompile>
    <ClCompile Include="..\..\Libraries\STM32H7xx_HAL_Driver\Src\stm32h7xx_ll_lpuart.c">
      <Filter>Libraries\STM32F4xx_HAL_Driver\Src</Filter>
    </ClCompile>
    <ClCompile Include="..\..\Libraries\STM32H7xx_HAL_Driver\Src\stm32h7xx_ll_mdma.c">
      <Filter>Libraries\STM32F4xx_HAL_Driver\Src</Filter>
    </ClCompile>
    <ClCompile Include="..\..\Libraries\STM32H7xx_HAL_Driver\Src\stm32h7xx_ll_opamp.c">
      <Filter>Libraries\STM32F4xx_HAL_Driver\Src</Filter>
    </ClCompile>
    <ClCompile Include="..\..\Libraries\STM32H7xx_HAL_Driver\Src\stm32h7xx_ll_pwr.c">
      <Filter>Libraries\STM32F4xx_HAL_Driver\Src</Filter>
    </ClCompile>
    <ClCompile Include="..\..\Libraries\STM32H7xx_HAL_Driver\Src\stm32h7xx_ll_rcc.c">
      <Filter>Libraries\STM32F4xx_HAL_Driver\Src</Filter>
    </ClCompile>
    <ClCompile Include="..\..\Libraries\STM32H7xx_HAL_Driver\Src\stm32h7xx_ll_rng.c">
      <Filter>Libraries\STM32F4xx_HAL_Driver\Src</Filter>
    </ClCompile>
    <ClCompile Include="..\..\Libraries\STM32H7xx_HAL_Driver\Src\stm32h7xx_ll_rtc.c">
      <Filter>Libraries\STM32F4xx_HAL_Driver\Src</Filter>
    </ClCompile>
    <ClCompile Include="..\..\Libraries\STM32H7xx_HAL_Driver\Src\stm32h7xx_ll_sdmmc.c">
      <Filter>Libraries\STM32F4xx_HAL_Driver\Src</Filter>
    </ClCompile>
    <ClCompile Include="..\..\Libraries\STM32H7xx_HAL_Driver\Src\stm32h7xx_ll_spi.c">
      <Filter>Libraries\STM32F4xx_HAL_Driver\Src</Filter>
    </ClCompile>
    <ClCompile Include="..\..\Libraries\STM32H7xx_HAL_Driver\Src\stm32h7xx_ll_swpmi.c">
      <Filter>Libraries\STM32F4xx_HAL_Driver\Src</Filter>
    </ClCompile>
    <ClCompile Include="..\..\Libraries\STM32H7xx_HAL_Driver\Src\stm32h7xx_ll_tim.c">
      <Filter>Libraries\STM32F4xx_HAL_Driver\Src</Filter>
    </ClCompile>
    <ClCompile Include="..\..\Libraries\STM32H7xx_HAL_Driver\Src\stm32h7xx_ll_usart.c">
      <Filter>Libraries\STM32F4xx_HAL_Driver\Src</Filter>
    </ClCompile>
    <ClCompile Include="..\..\Libraries\STM32H7xx_HAL_Driver\Src\stm32h7xx_ll_usb.c">
      <Filter>Libraries\STM32F4xx_HAL_Driver\Src</Filter>
    </ClCompile>
    <ClCompile Include="..\..\Libraries\FreeRTOS\Source\portable\GCC\ARM_CM4F\port.c">
      <Filter>Libraries\FreeRTOS\Source\portable\GCC\ARM_CM4F</Filter>
    </ClCompile>
    <ClCompile Include="..\..\Core\hooks.c">
      <Filter>System</Filter>
    </ClCompile>
    <ClCompile Include="..\..\Utilities\uart_dbg\printf_dbg.c">
      <Filter>Utilites\uart_dbg</Filter>
    </ClCompile>
    <ClCompile Include="..\..\Utilities\uart_dbg\uart_dbg.c">
      <Filter>Utilites\uart_dbg</Filter>
    </ClCompile>
    <ClCompile Include="..\..\Core\stm32h7xx_hal_msp.c">
      <Filter>System</Filter>
    </ClCompile>
  </ItemGroup>
  <ItemGroup>
    <LinkerScript Include="..\..\Config\STM32H743ZI_flash.lds">
      <Filter>Config</Filter>
    </LinkerScript>
  </ItemGroup>
</Project>